
Microsoft Visual Studio Solution File, Format Version 12.00
Project("{F2A71F9B-5D33-465A-A702-920D77279786}") = "DayOne", "DayOne\DayOne.fsproj", "{28429524-4ED0-4F2A-88A8-E68CF664507B}"
EndProject
Global
	GlobalSection(SolutionConfigurationPlatforms) = preSolution
		Debug|Any CPU = Debug|Any CPU
		Release|Any CPU = Release|Any CPU
	EndGlobalSection
	GlobalSection(ProjectConfigurationPlatforms) = postSolution
		{28429524-4ED0-4F2A-88A8-E68CF664507B}.Debug|Any CPU.ActiveCfg = Debug|Any CPU
		{28429524-4ED0-4F2A-88A8-E68CF664507B}.Debug|Any CPU.Build.0 = Debug|Any CPU
		{28429524-4ED0-4F2A-88A8-E68CF664507B}.Release|Any CPU.ActiveCfg = Release|Any CPU
		{28429524-4ED0-4F2A-88A8-E68CF664507B}.Release|Any CPU.Build.0 = Release|Any CPU
	EndGlobalSection
EndGlobal
